// !$*UTF8*$!
{
	archiveVersion = 1;
	classes = {
	};
	objectVersion = 50;
	objects = {

/* Begin PBXBuildFile section */
		360D5DFBBC08F2AA5D852B39 /* Pods_CircleCIDemo.framework in Frameworks */ = {isa = PBXBuildFile; fileRef = 818BFC9C5EFBD9B5BD2E51A5 /* Pods_CircleCIDemo.framework */; };
		4C57791C63E41D04C3CFF181 /* Pods_CircleCIDemoTests.framework in Frameworks */ = {isa = PBXBuildFile; fileRef = FC4B58DA4414B0AB00E4990E /* Pods_CircleCIDemoTests.framework */; };
		D80BA0F120B49BED00EA8791 /* AppDelegate.swift in Sources */ = {isa = PBXBuildFile; fileRef = D80BA0F020B49BED00EA8791 /* AppDelegate.swift */; };
		D80BA0F320B49BED00EA8791 /* ViewController.swift in Sources */ = {isa = PBXBuildFile; fileRef = D80BA0F220B49BED00EA8791 /* ViewController.swift */; };
		D80BA0F620B49BED00EA8791 /* Main.storyboard in Resources */ = {isa = PBXBuildFile; fileRef = D80BA0F420B49BED00EA8791 /* Main.storyboard */; };
		D80BA0F820B49BEE00EA8791 /* Assets.xcassets in Resources */ = {isa = PBXBuildFile; fileRef = D80BA0F720B49BEE00EA8791 /* Assets.xcassets */; };
		D80BA0FB20B49BEE00EA8791 /* LaunchScreen.storyboard in Resources */ = {isa = PBXBuildFile; fileRef = D80BA0F920B49BEE00EA8791 /* LaunchScreen.storyboard */; };
		D80BA10620B49BEF00EA8791 /* CircleCIDemoTests.swift in Sources */ = {isa = PBXBuildFile; fileRef = D80BA10520B49BEF00EA8791 /* CircleCIDemoTests.swift */; };
/* End PBXBuildFile section */

/* Begin PBXContainerItemProxy section */
		D80BA10220B49BEF00EA8791 /* PBXContainerItemProxy */ = {
			isa = PBXContainerItemProxy;
			containerPortal = D80BA0E520B49BED00EA8791 /* Project object */;
			proxyType = 1;
			remoteGlobalIDString = D80BA0EC20B49BED00EA8791;
			remoteInfo = CircleCIDemo;
		};
/* End PBXContainerItemProxy section */

/* Begin PBXFileReference section */
		0BBCEE019492DFFBB76C9B07 /* Pods-CircleCIDemo.release.xcconfig */ = {isa = PBXFileReference; includeInIndex = 1; lastKnownFileType = text.xcconfig; name = "Pods-CircleCIDemo.release.xcconfig"; path = "Pods/Target Support Files/Pods-CircleCIDemo/Pods-CircleCIDemo.release.xcconfig"; sourceTree = "<group>"; };
		4438BCADF9EB4BFA818216DB /* Pods-CircleCIDemoTests.release.xcconfig */ = {isa = PBXFileReference; includeInIndex = 1; lastKnownFileType = text.xcconfig; name = "Pods-CircleCIDemoTests.release.xcconfig"; path = "Pods/Target Support Files/Pods-CircleCIDemoTests/Pods-CircleCIDemoTests.release.xcconfig"; sourceTree = "<group>"; };
		4C38746ABB276C290CDA5F3B /* Pods-CircleCIDemo.debug.xcconfig */ = {isa = PBXFileReference; includeInIndex = 1; lastKnownFileType = text.xcconfig; name = "Pods-CircleCIDemo.debug.xcconfig"; path = "Pods/Target Support Files/Pods-CircleCIDemo/Pods-CircleCIDemo.debug.xcconfig"; sourceTree = "<group>"; };
		818BFC9C5EFBD9B5BD2E51A5 /* Pods_CircleCIDemo.framework */ = {isa = PBXFileReference; explicitFileType = wrapper.framework; includeInIndex = 0; path = Pods_CircleCIDemo.framework; sourceTree = BUILT_PRODUCTS_DIR; };
		A2CD83F1CA243464E130AF73 /* Pods-CircleCIDemoTests.debug.xcconfig */ = {isa = PBXFileReference; includeInIndex = 1; lastKnownFileType = text.xcconfig; name = "Pods-CircleCIDemoTests.debug.xcconfig"; path = "Pods/Target Support Files/Pods-CircleCIDemoTests/Pods-CircleCIDemoTests.debug.xcconfig"; sourceTree = "<group>"; };
		D80BA0ED20B49BED00EA8791 /* CircleCIDemo.app */ = {isa = PBXFileReference; explicitFileType = wrapper.application; includeInIndex = 0; path = CircleCIDemo.app; sourceTree = BUILT_PRODUCTS_DIR; };
		D80BA0F020B49BED00EA8791 /* AppDelegate.swift */ = {isa = PBXFileReference; lastKnownFileType = sourcecode.swift; path = AppDelegate.swift; sourceTree = "<group>"; };
		D80BA0F220B49BED00EA8791 /* ViewController.swift */ = {isa = PBXFileReference; lastKnownFileType = sourcecode.swift; path = ViewController.swift; sourceTree = "<group>"; };
		D80BA0F520B49BED00EA8791 /* Base */ = {isa = PBXFileReference; lastKnownFileType = file.storyboard; name = Base; path = Base.lproj/Main.storyboard; sourceTree = "<group>"; };
		D80BA0F720B49BEE00EA8791 /* Assets.xcassets */ = {isa = PBXFileReference; lastKnownFileType = folder.assetcatalog; path = Assets.xcassets; sourceTree = "<group>"; };
		D80BA0FA20B49BEE00EA8791 /* Base */ = {isa = PBXFileReference; lastKnownFileType = file.storyboard; name = Base; path = Base.lproj/LaunchScreen.storyboard; sourceTree = "<group>"; };
		D80BA0FC20B49BEE00EA8791 /* Info.plist */ = {isa = PBXFileReference; lastKnownFileType = text.plist.xml; path = Info.plist; sourceTree = "<group>"; };
		D80BA10120B49BEF00EA8791 /* CircleCIDemoTests.xctest */ = {isa = PBXFileReference; explicitFileType = wrapper.cfbundle; includeInIndex = 0; path = CircleCIDemoTests.xctest; sourceTree = BUILT_PRODUCTS_DIR; };
		D80BA10520B49BEF00EA8791 /* CircleCIDemoTests.swift */ = {isa = PBXFileReference; lastKnownFileType = sourcecode.swift; path = CircleCIDemoTests.swift; sourceTree = "<group>"; };
		D80BA10720B49BEF00EA8791 /* Info.plist */ = {isa = PBXFileReference; lastKnownFileType = text.plist.xml; path = Info.plist; sourceTree = "<group>"; };
		FC4B58DA4414B0AB00E4990E /* Pods_CircleCIDemoTests.framework */ = {isa = PBXFileReference; explicitFileType = wrapper.framework; includeInIndex = 0; path = Pods_CircleCIDemoTests.framework; sourceTree = BUILT_PRODUCTS_DIR; };
/* End PBXFileReference section */

/* Begin PBXFrameworksBuildPhase section */
		D80BA0EA20B49BED00EA8791 /* Frameworks */ = {
			isa = PBXFrameworksBuildPhase;
			buildActionMask = 2147483647;
			files = (
				360D5DFBBC08F2AA5D852B39 /* Pods_CircleCIDemo.framework in Frameworks */,
			);
			runOnlyForDeploymentPostprocessing = 0;
		};
		D80BA0FE20B49BEF00EA8791 /* Frameworks */ = {
			isa = PBXFrameworksBuildPhase;
			buildActionMask = 2147483647;
			files = (
				4C57791C63E41D04C3CFF181 /* Pods_CircleCIDemoTests.framework in Frameworks */,
			);
			runOnlyForDeploymentPostprocessing = 0;
		};
/* End PBXFrameworksBuildPhase section */

/* Begin PBXGroup section */
		0BC63A67E12FB220888041F9 /* Pods */ = {
			isa = PBXGroup;
			children = (
				4C38746ABB276C290CDA5F3B /* Pods-CircleCIDemo.debug.xcconfig */,
				0BBCEE019492DFFBB76C9B07 /* Pods-CircleCIDemo.release.xcconfig */,
				A2CD83F1CA243464E130AF73 /* Pods-CircleCIDemoTests.debug.xcconfig */,
				4438BCADF9EB4BFA818216DB /* Pods-CircleCIDemoTests.release.xcconfig */,
			);
			name = Pods;
			sourceTree = "<group>";
		};
		D80BA0E420B49BED00EA8791 = {
			isa = PBXGroup;
			children = (
				D80BA0EF20B49BED00EA8791 /* CircleCIDemo */,
				D80BA10420B49BEF00EA8791 /* CircleCIDemoTests */,
				D80BA0EE20B49BED00EA8791 /* Products */,
				0BC63A67E12FB220888041F9 /* Pods */,
				F496DCE93C4C5B460ABC7B81 /* Frameworks */,
			);
			sourceTree = "<group>";
		};
		D80BA0EE20B49BED00EA8791 /* Products */ = {
			isa = PBXGroup;
			children = (
				D80BA0ED20B49BED00EA8791 /* CircleCIDemo.app */,
				D80BA10120B49BEF00EA8791 /* CircleCIDemoTests.xctest */,
			);
			name = Products;
			sourceTree = "<group>";
		};
		D80BA0EF20B49BED00EA8791 /* CircleCIDemo */ = {
			isa = PBXGroup;
			children = (
				D80BA0F020B49BED00EA8791 /* AppDelegate.swift */,
				D80BA0F220B49BED00EA8791 /* ViewController.swift */,
				D80BA0F420B49BED00EA8791 /* Main.storyboard */,
				D80BA0F720B49BEE00EA8791 /* Assets.xcassets */,
				D80BA0F920B49BEE00EA8791 /* LaunchScreen.storyboard */,
				D80BA0FC20B49BEE00EA8791 /* Info.plist */,
			);
			path = CircleCIDemo;
			sourceTree = "<group>";
		};
		D80BA10420B49BEF00EA8791 /* CircleCIDemoTests */ = {
			isa = PBXGroup;
			children = (
				D80BA10520B49BEF00EA8791 /* CircleCIDemoTests.swift */,
				D80BA10720B49BEF00EA8791 /* Info.plist */,
			);
			path = CircleCIDemoTests;
			sourceTree = "<group>";
		};
		F496DCE93C4C5B460ABC7B81 /* Frameworks */ = {
			isa = PBXGroup;
			children = (
				818BFC9C5EFBD9B5BD2E51A5 /* Pods_CircleCIDemo.framework */,
				FC4B58DA4414B0AB00E4990E /* Pods_CircleCIDemoTests.framework */,
			);
			name = Frameworks;
			sourceTree = "<group>";
		};
/* End PBXGroup section */

/* Begin PBXNativeTarget section */
		D80BA0EC20B49BED00EA8791 /* CircleCIDemo */ = {
			isa = PBXNativeTarget;
			buildConfigurationList = D80BA10A20B49BEF00EA8791 /* Build configuration list for PBXNativeTarget "CircleCIDemo" */;
			buildPhases = (
				52440BEE55136E9C821F41A6 /* [CP] Check Pods Manifest.lock */,
				D80BA0E920B49BED00EA8791 /* Sources */,
				D80BA0EA20B49BED00EA8791 /* Frameworks */,
				D80BA0EB20B49BED00EA8791 /* Resources */,
			);
			buildRules = (
			);
			dependencies = (
			);
			name = CircleCIDemo;
			productName = CircleCIDemo;
			productReference = D80BA0ED20B49BED00EA8791 /* CircleCIDemo.app */;
			productType = "com.apple.product-type.application";
		};
		D80BA10020B49BEF00EA8791 /* CircleCIDemoTests */ = {
			isa = PBXNativeTarget;
			buildConfigurationList = D80BA10D20B49BEF00EA8791 /* Build configuration list for PBXNativeTarget "CircleCIDemoTests" */;
			buildPhases = (
				B3C8C3B60020B980869F72E4 /* [CP] Check Pods Manifest.lock */,
				D80BA0FD20B49BEF00EA8791 /* Sources */,
				D80BA0FE20B49BEF00EA8791 /* Frameworks */,
				D80BA0FF20B49BEF00EA8791 /* Resources */,
			);
			buildRules = (
			);
			dependencies = (
				D80BA10320B49BEF00EA8791 /* PBXTargetDependency */,
			);
			name = CircleCIDemoTests;
			productName = CircleCIDemoTests;
			productReference = D80BA10120B49BEF00EA8791 /* CircleCIDemoTests.xctest */;
			productType = "com.apple.product-type.bundle.unit-test";
		};
/* End PBXNativeTarget section */

/* Begin PBXProject section */
		D80BA0E520B49BED00EA8791 /* Project object */ = {
			isa = PBXProject;
			attributes = {
				LastSwiftUpdateCheck = 0930;
				LastUpgradeCheck = 0930;
				ORGANIZATIONNAME = "Joseph Lunn";
				TargetAttributes = {
					D80BA0EC20B49BED00EA8791 = {
						CreatedOnToolsVersion = 9.3.1;
					};
					D80BA10020B49BEF00EA8791 = {
						CreatedOnToolsVersion = 9.3.1;
						TestTargetID = D80BA0EC20B49BED00EA8791;
					};
				};
			};
			buildConfigurationList = D80BA0E820B49BED00EA8791 /* Build configuration list for PBXProject "CircleCIDemo" */;
			compatibilityVersion = "Xcode 9.3";
			developmentRegion = en;
			hasScannedForEncodings = 0;
			knownRegions = (
				en,
				Base,
			);
			mainGroup = D80BA0E420B49BED00EA8791;
			productRefGroup = D80BA0EE20B49BED00EA8791 /* Products */;
			projectDirPath = "";
			projectRoot = "";
			targets = (
				D80BA0EC20B49BED00EA8791 /* CircleCIDemo */,
				D80BA10020B49BEF00EA8791 /* CircleCIDemoTests */,
			);
		};
/* End PBXProject section */

/* Begin PBXResourcesBuildPhase section */
		D80BA0EB20B49BED00EA8791 /* Resources */ = {
			isa = PBXResourcesBuildPhase;
			buildActionMask = 2147483647;
			files = (
				D80BA0FB20B49BEE00EA8791 /* LaunchScreen.storyboard in Resources */,
				D80BA0F820B49BEE00EA8791 /* Assets.xcassets in Resources */,
				D80BA0F620B49BED00EA8791 /* Main.storyboard in Resources */,
			);
			runOnlyForDeploymentPostprocessing = 0;
		};
		D80BA0FF20B49BEF00EA8791 /* Resources */ = {
			isa = PBXResourcesBuildPhase;
			buildActionMask = 2147483647;
			files = (
			);
			runOnlyForDeploymentPostprocessing = 0;
		};
/* End PBXResourcesBuildPhase section */

/* Begin PBXShellScriptBuildPhase section */
		52440BEE55136E9C821F41A6 /* [CP] Check Pods Manifest.lock */ = {
			isa = PBXShellScriptBuildPhase;
			buildActionMask = 2147483647;
			files = (
			);
			inputPaths = (
				"${PODS_PODFILE_DIR_PATH}/Podfile.lock",
				"${PODS_ROOT}/Manifest.lock",
			);
			name = "[CP] Check Pods Manifest.lock";
			outputPaths = (
				"$(DERIVED_FILE_DIR)/Pods-CircleCIDemo-checkManifestLockResult.txt",
			);
			runOnlyForDeploymentPostprocessing = 0;
			shellPath = /bin/sh;
			shellScript = "diff \"${PODS_PODFILE_DIR_PATH}/Podfile.lock\" \"${PODS_ROOT}/Manifest.lock\" > /dev/null\nif [ $? != 0 ] ; then\n    # print error to STDERR\n    echo \"error: The sandbox is not in sync with the Podfile.lock. Run 'pod install' or update your CocoaPods installation.\" >&2\n    exit 1\nfi\n# This output is used by Xcode 'outputs' to avoid re-running this script phase.\necho \"SUCCESS\" > \"${SCRIPT_OUTPUT_FILE_0}\"\n";
			showEnvVarsInLog = 0;
		};
		B3C8C3B60020B980869F72E4 /* [CP] Check Pods Manifest.lock */ = {
			isa = PBXShellScriptBuildPhase;
			buildActionMask = 2147483647;
			files = (
			);
			inputPaths = (
				"${PODS_PODFILE_DIR_PATH}/Podfile.lock",
				"${PODS_ROOT}/Manifest.lock",
			);
			name = "[CP] Check Pods Manifest.lock";
			outputPaths = (
				"$(DERIVED_FILE_DIR)/Pods-CircleCIDemoTests-checkManifestLockResult.txt",
			);
			runOnlyForDeploymentPostprocessing = 0;
			shellPath = /bin/sh;
			shellScript = "diff \"${PODS_PODFILE_DIR_PATH}/Podfile.lock\" \"${PODS_ROOT}/Manifest.lock\" > /dev/null\nif [ $? != 0 ] ; then\n    # print error to STDERR\n    echo \"error: The sandbox is not in sync with the Podfile.lock. Run 'pod install' or update your CocoaPods installation.\" >&2\n    exit 1\nfi\n# This output is used by Xcode 'outputs' to avoid re-running this script phase.\necho \"SUCCESS\" > \"${SCRIPT_OUTPUT_FILE_0}\"\n";
			showEnvVarsInLog = 0;
		};
/* End PBXShellScriptBuildPhase section */

/* Begin PBXSourcesBuildPhase section */
		D80BA0E920B49BED00EA8791 /* Sources */ = {
			isa = PBXSourcesBuildPhase;
			buildActionMask = 2147483647;
			files = (
				D80BA0F320B49BED00EA8791 /* ViewController.swift in Sources */,
				D80BA0F120B49BED00EA8791 /* AppDelegate.swift in Sources */,
			);
			runOnlyForDeploymentPostprocessing = 0;
		};
		D80BA0FD20B49BEF00EA8791 /* Sources */ = {
			isa = PBXSourcesBuildPhase;
			buildActionMask = 2147483647;
			files = (
				D80BA10620B49BEF00EA8791 /* CircleCIDemoTests.swift in Sources */,
			);
			runOnlyForDeploymentPostprocessing = 0;
		};
/* End PBXSourcesBuildPhase section */

/* Begin PBXTargetDependency section */
		D80BA10320B49BEF00EA8791 /* PBXTargetDependency */ = {
			isa = PBXTargetDependency;
			target = D80BA0EC20B49BED00EA8791 /* CircleCIDemo */;
			targetProxy = D80BA10220B49BEF00EA8791 /* PBXContainerItemProxy */;
		};
/* End PBXTargetDependency section */

/* Begin PBXVariantGroup section */
		D80BA0F420B49BED00EA8791 /* Main.storyboard */ = {
			isa = PBXVariantGroup;
			children = (
				D80BA0F520B49BED00EA8791 /* Base */,
			);
			name = Main.storyboard;
			sourceTree = "<group>";
		};
		D80BA0F920B49BEE00EA8791 /* LaunchScreen.storyboard */ = {
			isa = PBXVariantGroup;
			children = (
				D80BA0FA20B49BEE00EA8791 /* Base */,
			);
			name = LaunchScreen.storyboard;
			sourceTree = "<group>";
		};
/* End PBXVariantGroup section */

/* Begin XCBuildConfiguration section */
		D80BA10820B49BEF00EA8791 /* Debug */ = {
			isa = XCBuildConfiguration;
			buildSettings = {
				ALWAYS_SEARCH_USER_PATHS = NO;
				CLANG_ANALYZER_NONNULL = YES;
				CLANG_ANALYZER_NUMBER_OBJECT_CONVERSION = YES_AGGRESSIVE;
				CLANG_CXX_LANGUAGE_STANDARD = "gnu++14";
				CLANG_CXX_LIBRARY = "libc++";
				CLANG_ENABLE_MODULES = YES;
				CLANG_ENABLE_OBJC_ARC = YES;
				CLANG_ENABLE_OBJC_WEAK = YES;
				CLANG_WARN_BLOCK_CAPTURE_AUTORELEASING = YES;
				CLANG_WARN_BOOL_CONVERSION = YES;
				CLANG_WARN_COMMA = YES;
				CLANG_WARN_CONSTANT_CONVERSION = YES;
				CLANG_WARN_DEPRECATED_OBJC_IMPLEMENTATIONS = YES;
				CLANG_WARN_DIRECT_OBJC_ISA_USAGE = YES_ERROR;
				CLANG_WARN_DOCUMENTATION_COMMENTS = YES;
				CLANG_WARN_EMPTY_BODY = YES;
				CLANG_WARN_ENUM_CONVERSION = YES;
				CLANG_WARN_INFINITE_RECURSION = YES;
				CLANG_WARN_INT_CONVERSION = YES;
				CLANG_WARN_NON_LITERAL_NULL_CONVERSION = YES;
				CLANG_WARN_OBJC_IMPLICIT_RETAIN_SELF = YES;
				CLANG_WARN_OBJC_LITERAL_CONVERSION = YES;
				CLANG_WARN_OBJC_ROOT_CLASS = YES_ERROR;
				CLANG_WARN_RANGE_LOOP_ANALYSIS = YES;
				CLANG_WARN_STRICT_PROTOTYPES = YES;
				CLANG_WARN_SUSPICIOUS_MOVE = YES;
				CLANG_WARN_UNGUARDED_AVAILABILITY = YES_AGGRESSIVE;
				CLANG_WARN_UNREACHABLE_CODE = YES;
				CLANG_WARN__DUPLICATE_METHOD_MATCH = YES;
				CODE_SIGN_IDENTITY = "iPhone Developer";
				COPY_PHASE_STRIP = NO;
				DEBUG_INFORMATION_FORMAT = dwarf;
				ENABLE_STRICT_OBJC_MSGSEND = YES;
				ENABLE_TESTABILITY = YES;
				GCC_C_LANGUAGE_STANDARD = gnu11;
				GCC_DYNAMIC_NO_PIC = NO;
				GCC_NO_COMMON_BLOCKS = YES;
				GCC_OPTIMIZATION_LEVEL = 0;
				GCC_PREPROCESSOR_DEFINITIONS = (
					"DEBUG=1",
					"$(inherited)",
				);
				GCC_WARN_64_TO_32_BIT_CONVERSION = YES;
				GCC_WARN_ABOUT_RETURN_TYPE = YES_ERROR;
				GCC_WARN_UNDECLARED_SELECTOR = YES;
				GCC_WARN_UNINITIALIZED_AUTOS = YES_AGGRESSIVE;
				GCC_WARN_UNUSED_FUNCTION = YES;
				GCC_WARN_UNUSED_VARIABLE = YES;
				IPHONEOS_DEPLOYMENT_TARGET = 11.3;
				MTL_ENABLE_DEBUG_INFO = YES;
				ONLY_ACTIVE_ARCH = YES;
				SDKROOT = iphoneos;
				SWIFT_ACTIVE_COMPILATION_CONDITIONS = DEBUG;
				SWIFT_OPTIMIZATION_LEVEL = "-Onone";
			};
			name = Debug;
		};
		D80BA10920B49BEF00EA8791 /* Release */ = {
			isa = XCBuildConfiguration;
			buildSettings = {
				ALWAYS_SEARCH_USER_PATHS = NO;
				CLANG_ANALYZER_NONNULL = YES;
				CLANG_ANALYZER_NUMBER_OBJECT_CONVERSION = YES_AGGRESSIVE;
				CLANG_CXX_LANGUAGE_STANDARD = "gnu++14";
				CLANG_CXX_LIBRARY = "libc++";
				CLANG_ENABLE_MODULES = YES;
				CLANG_ENABLE_OBJC_ARC = YES;
				CLANG_ENABLE_OBJC_WEAK = YES;
				CLANG_WARN_BLOCK_CAPTURE_AUTORELEASING = YES;
				CLANG_WARN_BOOL_CONVERSION = YES;
				CLANG_WARN_COMMA = YES;
				CLANG_WARN_CONSTANT_CONVERSION = YES;
				CLANG_WARN_DEPRECATED_OBJC_IMPLEMENTATIONS = YES;
				CLANG_WARN_DIRECT_OBJC_ISA_USAGE = YES_ERROR;
				CLANG_WARN_DOCUMENTATION_COMMENTS = YES;
				CLANG_WARN_EMPTY_BODY = YES;
				CLANG_WARN_ENUM_CONVERSION = YES;
				CLANG_WARN_INFINITE_RECURSION = YES;
				CLANG_WARN_INT_CONVERSION = YES;
				CLANG_WARN_NON_LITERAL_NULL_CONVERSION = YES;
				CLANG_WARN_OBJC_IMPLICIT_RETAIN_SELF = YES;
				CLANG_WARN_OBJC_LITERAL_CONVERSION = YES;
				CLANG_WARN_OBJC_ROOT_CLASS = YES_ERROR;
				CLANG_WARN_RANGE_LOOP_ANALYSIS = YES;
				CLANG_WARN_STRICT_PROTOTYPES = YES;
				CLANG_WARN_SUSPICIOUS_MOVE = YES;
				CLANG_WARN_UNGUARDED_AVAILABILITY = YES_AGGRESSIVE;
				CLANG_WARN_UNREACHABLE_CODE = YES;
				CLANG_WARN__DUPLICATE_METHOD_MATCH = YES;
				CODE_SIGN_IDENTITY = "iPhone Developer";
				COPY_PHASE_STRIP = NO;
				DEBUG_INFORMATION_FORMAT = "dwarf-with-dsym";
				ENABLE_NS_ASSERTIONS = NO;
				ENABLE_STRICT_OBJC_MSGSEND = YES;
				GCC_C_LANGUAGE_STANDARD = gnu11;
				GCC_NO_COMMON_BLOCKS = YES;
				GCC_WARN_64_TO_32_BIT_CONVERSION = YES;
				GCC_WARN_ABOUT_RETURN_TYPE = YES_ERROR;
				GCC_WARN_UNDECLARED_SELECTOR = YES;
				GCC_WARN_UNINITIALIZED_AUTOS = YES_AGGRESSIVE;
				GCC_WARN_UNUSED_FUNCTION = YES;
				GCC_WARN_UNUSED_VARIABLE = YES;
				IPHONEOS_DEPLOYMENT_TARGET = 11.3;
				MTL_ENABLE_DEBUG_INFO = NO;
				SDKROOT = iphoneos;
				SWIFT_COMPILATION_MODE = wholemodule;
				SWIFT_OPTIMIZATION_LEVEL = "-O";
				VALIDATE_PRODUCT = YES;
			};
			name = Release;
		};
		D80BA10B20B49BEF00EA8791 /* Debug */ = {
			isa = XCBuildConfiguration;
			baseConfigurationReference = 4C38746ABB276C290CDA5F3B /* Pods-CircleCIDemo.debug.xcconfig */;
			buildSettings = {
				ASSETCATALOG_COMPILER_APPICON_NAME = AppIcon;
				CODE_SIGN_STYLE = Automatic;
				INFOPLIST_FILE = CircleCIDemo/Info.plist;
				LD_RUNPATH_SEARCH_PATHS = "$(inherited) @executable_path/Frameworks";
				PRODUCT_BUNDLE_IDENTIFIER = joezyth.CircleCIDemo;
				PRODUCT_NAME = "$(TARGET_NAME)";
				SWIFT_VERSION = 4.0;
				TARGETED_DEVICE_FAMILY = "1,2";
			};
			name = Debug;
		};
		D80BA10C20B49BEF00EA8791 /* Release */ = {
			isa = XCBuildConfiguration;
			baseConfigurationReference = 0BBCEE019492DFFBB76C9B07 /* Pods-CircleCIDemo.release.xcconfig */;
			buildSettings = {
				ASSETCATALOG_COMPILER_APPICON_NAME = AppIcon;
				CODE_SIGN_STYLE = Automatic;
				INFOPLIST_FILE = CircleCIDemo/Info.plist;
				LD_RUNPATH_SEARCH_PATHS = "$(inherited) @executable_path/Frameworks";
				PRODUCT_BUNDLE_IDENTIFIER = joezyth.CircleCIDemo;
				PRODUCT_NAME = "$(TARGET_NAME)";
				SWIFT_VERSION = 4.0;
				TARGETED_DEVICE_FAMILY = "1,2";
			};
			name = Release;
		};
		D80BA10E20B49BEF00EA8791 /* Debug */ = {
			isa = XCBuildConfiguration;
			baseConfigurationReference = A2CD83F1CA243464E130AF73 /* Pods-CircleCIDemoTests.debug.xcconfig */;
			buildSettings = {
				ALWAYS_EMBED_SWIFT_STANDARD_LIBRARIES = YES;
				BUNDLE_LOADER = "$(TEST_HOST)";
				CODE_SIGN_STYLE = Automatic;
				INFOPLIST_FILE = CircleCIDemoTests/Info.plist;
				LD_RUNPATH_SEARCH_PATHS = "$(inherited) @executable_path/Frameworks @loader_path/Frameworks";
				PRODUCT_BUNDLE_IDENTIFIER = joezyth.CircleCIDemoTests;
				PRODUCT_NAME = "$(TARGET_NAME)";
				SWIFT_VERSION = 4.0;
				TARGETED_DEVICE_FAMILY = "1,2";
				TEST_HOST = "$(BUILT_PRODUCTS_DIR)/CircleCIDemo.app/CircleCIDemo";
			};
			name = Debug;
		};
		D80BA10F20B49BEF00EA8791 /* Release */ = {
			isa = XCBuildConfiguration;
			baseConfigurationReference = 4438BCADF9EB4BFA818216DB /* Pods-CircleCIDemoTests.release.xcconfig */;
			buildSettings = {
				ALWAYS_EMBED_SWIFT_STANDARD_LIBRARIES = YES;
				BUNDLE_LOADER = "$(TEST_HOST)";
				CODE_SIGN_STYLE = Automatic;
				INFOPLIST_FILE = CircleCIDemoTests/Info.plist;
				LD_RUNPATH_SEARCH_PATHS = "$(inherited) @executable_path/Frameworks @loader_path/Frameworks";
				PRODUCT_BUNDLE_IDENTIFIER = joezyth.CircleCIDemoTests;
				PRODUCT_NAME = "$(TARGET_NAME)";
				SWIFT_VERSION = 4.0;
				TARGETED_DEVICE_FAMILY = "1,2";
				TEST_HOST = "$(BUILT_PRODUCTS_DIR)/CircleCIDemo.app/CircleCIDemo";
			};
			name = Release;
		};
/* End XCBuildConfiguration section */

/* Begin XCConfigurationList section */
		D80BA0E820B49BED00EA8791 /* Build configuration list for PBXProject "CircleCIDemo" */ = {
			isa = XCConfigurationList;
			buildConfigurations = (
				D80BA10820B49BEF00EA8791 /* Debug */,
				D80BA10920B49BEF00EA8791 /* Release */,
			);
			defaultConfigurationIsVisible = 0;
			defaultConfigurationName = Release;
		};
		D80BA10A20B49BEF00EA8791 /* Build configuration list for PBXNativeTarget "CircleCIDemo" */ = {
			isa = XCConfigurationList;
			buildConfigurations = (
				D80BA10B20B49BEF00EA8791 /* Debug */,
				D80BA10C20B49BEF00EA8791 /* Release */,
			);
			defaultConfigurationIsVisible = 0;
			defaultConfigurationName = Release;
		};
		D80BA10D20B49BEF00EA8791 /* Build configuration list for PBXNativeTarget "CircleCIDemoTests" */ = {
			isa = XCConfigurationList;
			buildConfigurations = (
				D80BA10E20B49BEF00EA8791 /* Debug */,
				D80BA10F20B49BEF00EA8791 /* Release */,
			);
			defaultConfigurationIsVisible = 0;
			defaultConfigurationName = Release;
		};
/* End XCConfigurationList section */
	};
	rootObject = D80BA0E520B49BED00EA8791 /* Project object */;
}
